
Microsoft Visual Studio Solution File, Format Version 12.00
# Visual Studio 2012
Project("{FAE04EC0-301F-11D3-BF4B-00C04F79EFBC}") = "friend_letter", "friend_letter\friend_letter.csproj", "{63A8BC39-5A11-43C1-98E7-186083828AEF}"
EndProject
Global
	GlobalSection(SolutionConfigurationPlatforms) = preSolution
		Debug|Any CPU = Debug|Any CPU
		Release|Any CPU = Release|Any CPU
	EndGlobalSection
	GlobalSection(ProjectConfigurationPlatforms) = postSolution
		{63A8BC39-5A11-43C1-98E7-186083828AEF}.Debug|Any CPU.ActiveCfg = Debug|Any CPU
		{63A8BC39-5A11-43C1-98E7-186083828AEF}.Debug|Any CPU.Build.0 = Debug|Any CPU
		{63A8BC39-5A11-43C1-98E7-186083828AEF}.Release|Any CPU.ActiveCfg = Release|Any CPU
		{63A8BC39-5A11-43C1-98E7-186083828AEF}.Release|Any CPU.Build.0 = Release|Any CPU
	EndGlobalSection
EndGlobal
